
Microsoft Visual Studio Solution File, Format Version 12.00
# Visual Studio Version 17
VisualStudioVersion = 17.6.33829.357
MinimumVisualStudioVersion = 10.0.40219.1
Project("{FAE04EC0-301F-11D3-BF4B-00C04F79EFBC}") = "MediatorPattern_Demo", "MediatorPattern_Demo\MediatorPattern_Demo.csproj", "{48C10A89-C265-445D-8378-928AEA979932}"
EndProject
Global
	GlobalSection(SolutionConfigurationPlatforms) = preSolution
		Debug|Any CPU = Debug|Any CPU
		Release|Any CPU = Release|Any CPU
	EndGlobalSection
	GlobalSection(ProjectConfigurationPlatforms) = postSolution
		{48C10A89-C265-445D-8378-928AEA979932}.Debug|Any CPU.ActiveCfg = Debug|Any CPU
		{48C10A89-C265-445D-8378-928AEA979932}.Debug|Any CPU.Build.0 = Debug|Any CPU
		{48C10A89-C265-445D-8378-928AEA979932}.Release|Any CPU.ActiveCfg = Release|Any CPU
		{48C10A89-C265-445D-8378-928AEA979932}.Release|Any CPU.Build.0 = Release|Any CPU
	EndGlobalSection
	GlobalSection(SolutionProperties) = preSolution
		HideSolutionNode = FALSE
	EndGlobalSection
	GlobalSection(ExtensibilityGlobals) = postSolution
		SolutionGuid = {B7AEE27B-5CCB-4DA4-8625-454AFAC63DAB}
	EndGlobalSection
EndGlobal
